// !$*UTF8*$!
{
	archiveVersion = 1;
	classes = {
	};
	objectVersion = 55;
	objects = {

/* Begin PBXBuildFile section */
		E401E01A27BCA87D0072C2BF /* CollectionRV.swift in Sources */ = {isa = PBXBuildFile; fileRef = E401E01927BCA87D0072C2BF /* CollectionRV.swift */; };
		E408396F27BB68DE001D8523 /* pictureData.swift in Sources */ = {isa = PBXBuildFile; fileRef = E408396E27BB68DE001D8523 /* pictureData.swift */; };
		E42018B627B75C850019B533 /* UploadViewController.swift in Sources */ = {isa = PBXBuildFile; fileRef = E42018B527B75C850019B533 /* UploadViewController.swift */; };
		E42018BA27B75E4E0019B533 /* Fonts in Resources */ = {isa = PBXBuildFile; fileRef = E42CD43127B468CA00342AB4 /* Fonts */; };
		E42CD41A27B463C400342AB4 /* AppDelegate.swift in Sources */ = {isa = PBXBuildFile; fileRef = E42CD41927B463C400342AB4 /* AppDelegate.swift */; };
		E42CD41C27B463C400342AB4 /* SceneDelegate.swift in Sources */ = {isa = PBXBuildFile; fileRef = E42CD41B27B463C400342AB4 /* SceneDelegate.swift */; };
		E42CD42127B463C400342AB4 /* Main.storyboard in Resources */ = {isa = PBXBuildFile; fileRef = E42CD41F27B463C400342AB4 /* Main.storyboard */; };
		E42CD42327B463C500342AB4 /* Assets.xcassets in Resources */ = {isa = PBXBuildFile; fileRef = E42CD42227B463C500342AB4 /* Assets.xcassets */; };
		E42CD42627B463C500342AB4 /* LaunchScreen.storyboard in Resources */ = {isa = PBXBuildFile; fileRef = E42CD42427B463C500342AB4 /* LaunchScreen.storyboard */; };
		E438725827E518A0004EA69D /* MainCameraViewController.swift in Sources */ = {isa = PBXBuildFile; fileRef = E438725727E518A0004EA69D /* MainCameraViewController.swift */; };
		E4482B1E27E18A51009C307C /* Realm in Frameworks */ = {isa = PBXBuildFile; productRef = E4482B1D27E18A51009C307C /* Realm */; };
		E4482B2027E18A51009C307C /* RealmSwift in Frameworks */ = {isa = PBXBuildFile; productRef = E4482B1F27E18A51009C307C /* RealmSwift */; };
		E4482B2227E18D89009C307C /* dataHandler.swift in Sources */ = {isa = PBXBuildFile; fileRef = E4482B2127E18D89009C307C /* dataHandler.swift */; };
		E46948CD27BCC36400302E43 /* TabBarController.swift in Sources */ = {isa = PBXBuildFile; fileRef = E46948CC27BCC36400302E43 /* TabBarController.swift */; };
		E46948CF27BCD2F100302E43 /* DetailViewController.swift in Sources */ = {isa = PBXBuildFile; fileRef = E46948CE27BCD2F100302E43 /* DetailViewController.swift */; };
		E46CE72727E2876200C80823 /* CameraViewController.swift in Sources */ = {isa = PBXBuildFile; fileRef = E46CE72627E2876200C80823 /* CameraViewController.swift */; };
		E49A503527BC873000A1C0FE /* GalleryCVController.swift in Sources */ = {isa = PBXBuildFile; fileRef = E49A503427BC873000A1C0FE /* GalleryCVController.swift */; };
		E49A503727BC877C00A1C0FE /* GalleryCell.swift in Sources */ = {isa = PBXBuildFile; fileRef = E49A503627BC877C00A1C0FE /* GalleryCell.swift */; };
/* End PBXBuildFile section */

/* Begin PBXFileReference section */
		E401E01927BCA87D0072C2BF /* CollectionRV.swift */ = {isa = PBXFileReference; lastKnownFileType = sourcecode.swift; path = CollectionRV.swift; sourceTree = "<group>"; };
		E408396E27BB68DE001D8523 /* pictureData.swift */ = {isa = PBXFileReference; lastKnownFileType = sourcecode.swift; path = pictureData.swift; sourceTree = "<group>"; };
		E42018B527B75C850019B533 /* UploadViewController.swift */ = {isa = PBXFileReference; lastKnownFileType = sourcecode.swift; path = UploadViewController.swift; sourceTree = "<group>"; };
		E42CD41627B463C400342AB4 /* Picturys.app */ = {isa = PBXFileReference; explicitFileType = wrapper.application; includeInIndex = 0; path = Picturys.app; sourceTree = BUILT_PRODUCTS_DIR; };
		E42CD41927B463C400342AB4 /* AppDelegate.swift */ = {isa = PBXFileReference; lastKnownFileType = sourcecode.swift; path = AppDelegate.swift; sourceTree = "<group>"; };
		E42CD41B27B463C400342AB4 /* SceneDelegate.swift */ = {isa = PBXFileReference; lastKnownFileType = sourcecode.swift; path = SceneDelegate.swift; sourceTree = "<group>"; };
		E42CD42027B463C400342AB4 /* Base */ = {isa = PBXFileReference; lastKnownFileType = file.storyboard; name = Base; path = Base.lproj/Main.storyboard; sourceTree = "<group>"; };
		E42CD42227B463C500342AB4 /* Assets.xcassets */ = {isa = PBXFileReference; lastKnownFileType = folder.assetcatalog; path = Assets.xcassets; sourceTree = "<group>"; };
		E42CD42527B463C500342AB4 /* Base */ = {isa = PBXFileReference; lastKnownFileType = file.storyboard; name = Base; path = Base.lproj/LaunchScreen.storyboard; sourceTree = "<group>"; };
		E42CD42727B463C500342AB4 /* Info.plist */ = {isa = PBXFileReference; lastKnownFileType = text.plist.xml; path = Info.plist; sourceTree = "<group>"; };
		E42CD43127B468CA00342AB4 /* Fonts */ = {isa = PBXFileReference; lastKnownFileType = folder; path = Fonts; sourceTree = "<group>"; };
		E438725727E518A0004EA69D /* MainCameraViewController.swift */ = {isa = PBXFileReference; lastKnownFileType = sourcecode.swift; path = MainCameraViewController.swift; sourceTree = "<group>"; };
		E4482B2127E18D89009C307C /* dataHandler.swift */ = {isa = PBXFileReference; lastKnownFileType = sourcecode.swift; path = dataHandler.swift; sourceTree = "<group>"; };
		E46948CC27BCC36400302E43 /* TabBarController.swift */ = {isa = PBXFileReference; lastKnownFileType = sourcecode.swift; path = TabBarController.swift; sourceTree = "<group>"; };
		E46948CE27BCD2F100302E43 /* DetailViewController.swift */ = {isa = PBXFileReference; lastKnownFileType = sourcecode.swift; path = DetailViewController.swift; sourceTree = "<group>"; };
		E46CE72627E2876200C80823 /* CameraViewController.swift */ = {isa = PBXFileReference; fileEncoding = 4; lastKnownFileType = sourcecode.swift; path = CameraViewController.swift; sourceTree = "<group>"; };
		E49A503427BC873000A1C0FE /* GalleryCVController.swift */ = {isa = PBXFileReference; lastKnownFileType = sourcecode.swift; path = GalleryCVController.swift; sourceTree = "<group>"; };
		E49A503627BC877C00A1C0FE /* GalleryCell.swift */ = {isa = PBXFileReference; lastKnownFileType = sourcecode.swift; path = GalleryCell.swift; sourceTree = "<group>"; };
/* End PBXFileReference section */

/* Begin PBXFrameworksBuildPhase section */
		E42CD41327B463C400342AB4 /* Frameworks */ = {
			isa = PBXFrameworksBuildPhase;
			buildActionMask = 2147483647;
			files = (
				E4482B2027E18A51009C307C /* RealmSwift in Frameworks */,
				E4482B1E27E18A51009C307C /* Realm in Frameworks */,
			);
			runOnlyForDeploymentPostprocessing = 0;
		};
/* End PBXFrameworksBuildPhase section */

/* Begin PBXGroup section */
		E42CD40D27B463C400342AB4 = {
			isa = PBXGroup;
			children = (
				E42CD41827B463C400342AB4 /* Picturys */,
				E42CD41727B463C400342AB4 /* Products */,
			);
			sourceTree = "<group>";
		};
		E42CD41727B463C400342AB4 /* Products */ = {
			isa = PBXGroup;
			children = (
				E42CD41627B463C400342AB4 /* Picturys.app */,
			);
			name = Products;
			sourceTree = "<group>";
		};
		E42CD41827B463C400342AB4 /* Picturys */ = {
			isa = PBXGroup;
			children = (
				E408396E27BB68DE001D8523 /* pictureData.swift */,
				E4482B2127E18D89009C307C /* dataHandler.swift */,
				E42CD41927B463C400342AB4 /* AppDelegate.swift */,
				E42CD41B27B463C400342AB4 /* SceneDelegate.swift */,
				E42CD41F27B463C400342AB4 /* Main.storyboard */,
				E46948CE27BCD2F100302E43 /* DetailViewController.swift */,
				E46CE72627E2876200C80823 /* CameraViewController.swift */,
				E438725727E518A0004EA69D /* MainCameraViewController.swift */,
				E46948CC27BCC36400302E43 /* TabBarController.swift */,
				E49A503427BC873000A1C0FE /* GalleryCVController.swift */,
				E49A503627BC877C00A1C0FE /* GalleryCell.swift */,
				E42018B527B75C850019B533 /* UploadViewController.swift */,
				E401E01927BCA87D0072C2BF /* CollectionRV.swift */,
				E42CD42227B463C500342AB4 /* Assets.xcassets */,
				E42CD42427B463C500342AB4 /* LaunchScreen.storyboard */,
				E42CD43127B468CA00342AB4 /* Fonts */,
				E42CD42727B463C500342AB4 /* Info.plist */,
			);
			path = Picturys;
			sourceTree = "<group>";
		};
/* End PBXGroup section */

/* Begin PBXNativeTarget section */
		E42CD41527B463C400342AB4 /* Picturys */ = {
			isa = PBXNativeTarget;
			buildConfigurationList = E42CD42A27B463C500342AB4 /* Build configuration list for PBXNativeTarget "Picturys" */;
			buildPhases = (
				E42CD41227B463C400342AB4 /* Sources */,
				E42CD41327B463C400342AB4 /* Frameworks */,
				E42CD41427B463C400342AB4 /* Resources */,
			);
			buildRules = (
			);
			dependencies = (
			);
			name = Picturys;
			packageProductDependencies = (
				E4482B1D27E18A51009C307C /* Realm */,
				E4482B1F27E18A51009C307C /* RealmSwift */,
			);
			productName = Picturys;
			productReference = E42CD41627B463C400342AB4 /* Picturys.app */;
			productType = "com.apple.product-type.application";
		};
/* End PBXNativeTarget section */

/* Begin PBXProject section */
		E42CD40E27B463C400342AB4 /* Project object */ = {
			isa = PBXProject;
			attributes = {
				BuildIndependentTargetsInParallel = 1;
				LastSwiftUpdateCheck = 1320;
				LastUpgradeCheck = 1320;
				TargetAttributes = {
					E42CD41527B463C400342AB4 = {
						CreatedOnToolsVersion = 13.2.1;
					};
				};
			};
			buildConfigurationList = E42CD41127B463C400342AB4 /* Build configuration list for PBXProject "Picturys" */;
			compatibilityVersion = "Xcode 13.0";
			developmentRegion = en;
			hasScannedForEncodings = 0;
			knownRegions = (
				en,
				Base,
			);
			mainGroup = E42CD40D27B463C400342AB4;
			packageReferences = (
				E4482B1C27E18A51009C307C /* XCRemoteSwiftPackageReference "realm-swift" */,
			);
			productRefGroup = E42CD41727B463C400342AB4 /* Products */;
			projectDirPath = "";
			projectRoot = "";
			targets = (
				E42CD41527B463C400342AB4 /* Picturys */,
			);
		};
/* End PBXProject section */

/* Begin PBXResourcesBuildPhase section */
		E42CD41427B463C400342AB4 /* Resources */ = {
			isa = PBXResourcesBuildPhase;
			buildActionMask = 2147483647;
			files = (
				E42CD42627B463C500342AB4 /* LaunchScreen.storyboard in Resources */,
				E42CD42327B463C500342AB4 /* Assets.xcassets in Resources */,
				E42CD42127B463C400342AB4 /* Main.storyboard in Resources */,
				E42018BA27B75E4E0019B533 /* Fonts in Resources */,
			);
			runOnlyForDeploymentPostprocessing = 0;
		};
/* End PBXResourcesBuildPhase section */

/* Begin PBXSourcesBuildPhase section */
		E42CD41227B463C400342AB4 /* Sources */ = {
			isa = PBXSourcesBuildPhase;
			buildActionMask = 2147483647;
			files = (
				E46CE72727E2876200C80823 /* CameraViewController.swift in Sources */,
				E46948CF27BCD2F100302E43 /* DetailViewController.swift in Sources */,
				E49A503527BC873000A1C0FE /* GalleryCVController.swift in Sources */,
				E46948CD27BCC36400302E43 /* TabBarController.swift in Sources */,
				E401E01A27BCA87D0072C2BF /* CollectionRV.swift in Sources */,
				E4482B2227E18D89009C307C /* dataHandler.swift in Sources */,
				E49A503727BC877C00A1C0FE /* GalleryCell.swift in Sources */,
				E42CD41A27B463C400342AB4 /* AppDelegate.swift in Sources */,
				E42018B627B75C850019B533 /* UploadViewController.swift in Sources */,
				E408396F27BB68DE001D8523 /* pictureData.swift in Sources */,
				E438725827E518A0004EA69D /* MainCameraViewController.swift in Sources */,
				E42CD41C27B463C400342AB4 /* SceneDelegate.swift in Sources */,
			);
			runOnlyForDeploymentPostprocessing = 0;
		};
/* End PBXSourcesBuildPhase section */

/* Begin PBXVariantGroup section */
		E42CD41F27B463C400342AB4 /* Main.storyboard */ = {
			isa = PBXVariantGroup;
			children = (
				E42CD42027B463C400342AB4 /* Base */,
			);
			name = Main.storyboard;
			sourceTree = "<group>";
		};
		E42CD42427B463C500342AB4 /* LaunchScreen.storyboard */ = {
			isa = PBXVariantGroup;
			children = (
				E42CD42527B463C500342AB4 /* Base */,
			);
			name = LaunchScreen.storyboard;
			sourceTree = "<group>";
		};
/* End PBXVariantGroup section */

/* Begin XCBuildConfiguration section */
		E42CD42827B463C500342AB4 /* Debug */ = {
			isa = XCBuildConfiguration;
			buildSettings = {
				ALWAYS_SEARCH_USER_PATHS = NO;
				CLANG_ANALYZER_NONNULL = YES;
				CLANG_ANALYZER_NUMBER_OBJECT_CONVERSION = YES_AGGRESSIVE;
				CLANG_CXX_LANGUAGE_STANDARD = "gnu++17";
				CLANG_CXX_LIBRARY = "libc++";
				CLANG_ENABLE_MODULES = YES;
				CLANG_ENABLE_OBJC_ARC = YES;
				CLANG_ENABLE_OBJC_WEAK = YES;
				CLANG_WARN_BLOCK_CAPTURE_AUTORELEASING = YES;
				CLANG_WARN_BOOL_CONVERSION = YES;
				CLANG_WARN_COMMA = YES;
				CLANG_WARN_CONSTANT_CONVERSION = YES;
				CLANG_WARN_DEPRECATED_OBJC_IMPLEMENTATIONS = YES;
				CLANG_WARN_DIRECT_OBJC_ISA_USAGE = YES_ERROR;
				CLANG_WARN_DOCUMENTATION_COMMENTS = YES;
				CLANG_WARN_EMPTY_BODY = YES;
				CLANG_WARN_ENUM_CONVERSION = YES;
				CLANG_WARN_INFINITE_RECURSION = YES;
				CLANG_WARN_INT_CONVERSION = YES;
				CLANG_WARN_NON_LITERAL_NULL_CONVERSION = YES;
				CLANG_WARN_OBJC_IMPLICIT_RETAIN_SELF = YES;
				CLANG_WARN_OBJC_LITERAL_CONVERSION = YES;
				CLANG_WARN_OBJC_ROOT_CLASS = YES_ERROR;
				CLANG_WARN_QUOTED_INCLUDE_IN_FRAMEWORK_HEADER = YES;
				CLANG_WARN_RANGE_LOOP_ANALYSIS = YES;
				CLANG_WARN_STRICT_PROTOTYPES = YES;
				CLANG_WARN_SUSPICIOUS_MOVE = YES;
				CLANG_WARN_UNGUARDED_AVAILABILITY = YES_AGGRESSIVE;
				CLANG_WARN_UNREACHABLE_CODE = YES;
				CLANG_WARN__DUPLICATE_METHOD_MATCH = YES;
				COPY_PHASE_STRIP = NO;
				DEBUG_INFORMATION_FORMAT = dwarf;
				ENABLE_STRICT_OBJC_MSGSEND = YES;
				ENABLE_TESTABILITY = YES;
				GCC_C_LANGUAGE_STANDARD = gnu11;
				GCC_DYNAMIC_NO_PIC = NO;
				GCC_NO_COMMON_BLOCKS = YES;
				GCC_OPTIMIZATION_LEVEL = 0;
				GCC_PREPROCESSOR_DEFINITIONS = (
					"DEBUG=1",
					"$(inherited)",
				);
				GCC_WARN_64_TO_32_BIT_CONVERSION = YES;
				GCC_WARN_ABOUT_RETURN_TYPE = YES_ERROR;
				GCC_WARN_UNDECLARED_SELECTOR = YES;
				GCC_WARN_UNINITIALIZED_AUTOS = YES_AGGRESSIVE;
				GCC_WARN_UNUSED_FUNCTION = YES;
				GCC_WARN_UNUSED_VARIABLE = YES;
				IPHONEOS_DEPLOYMENT_TARGET = 15.2;
				MTL_ENABLE_DEBUG_INFO = INCLUDE_SOURCE;
				MTL_FAST_MATH = YES;
				ONLY_ACTIVE_ARCH = YES;
				SDKROOT = iphoneos;
				SWIFT_ACTIVE_COMPILATION_CONDITIONS = DEBUG;
				SWIFT_OPTIMIZATION_LEVEL = "-Onone";
			};
			name = Debug;
		};
		E42CD42927B463C500342AB4 /* Release */ = {
			isa = XCBuildConfiguration;
			buildSettings = {
				ALWAYS_SEARCH_USER_PATHS = NO;
				CLANG_ANALYZER_NONNULL = YES;
				CLANG_ANALYZER_NUMBER_OBJECT_CONVERSION = YES_AGGRESSIVE;
				CLANG_CXX_LANGUAGE_STANDARD = "gnu++17";
				CLANG_CXX_LIBRARY = "libc++";
				CLANG_ENABLE_MODULES = YES;
				CLANG_ENABLE_OBJC_ARC = YES;
				CLANG_ENABLE_OBJC_WEAK = YES;
				CLANG_WARN_BLOCK_CAPTURE_AUTORELEASING = YES;
				CLANG_WARN_BOOL_CONVERSION = YES;
				CLANG_WARN_COMMA = YES;
				CLANG_WARN_CONSTANT_CONVERSION = YES;
				CLANG_WARN_DEPRECATED_OBJC_IMPLEMENTATIONS = YES;
				CLANG_WARN_DIRECT_OBJC_ISA_USAGE = YES_ERROR;
				CLANG_WARN_DOCUMENTATION_COMMENTS = YES;
				CLANG_WARN_EMPTY_BODY = YES;
				CLANG_WARN_ENUM_CONVERSION = YES;
				CLANG_WARN_INFINITE_RECURSION = YES;
				CLANG_WARN_INT_CONVERSION = YES;
				CLANG_WARN_NON_LITERAL_NULL_CONVERSION = YES;
				CLANG_WARN_OBJC_IMPLICIT_RETAIN_SELF = YES;
				CLANG_WARN_OBJC_LITERAL_CONVERSION = YES;
				CLANG_WARN_OBJC_ROOT_CLASS = YES_ERROR;
				CLANG_WARN_QUOTED_INCLUDE_IN_FRAMEWORK_HEADER = YES;
				CLANG_WARN_RANGE_LOOP_ANALYSIS = YES;
				CLANG_WARN_STRICT_PROTOTYPES = YES;
				CLANG_WARN_SUSPICIOUS_MOVE = YES;
				CLANG_WARN_UNGUARDED_AVAILABILITY = YES_AGGRESSIVE;
				CLANG_WARN_UNREACHABLE_CODE = YES;
				CLANG_WARN__DUPLICATE_METHOD_MATCH = YES;
				COPY_PHASE_STRIP = NO;
				DEBUG_INFORMATION_FORMAT = "dwarf-with-dsym";
				ENABLE_NS_ASSERTIONS = NO;
				ENABLE_STRICT_OBJC_MSGSEND = YES;
				GCC_C_LANGUAGE_STANDARD = gnu11;
				GCC_NO_COMMON_BLOCKS = YES;
				GCC_WARN_64_TO_32_BIT_CONVERSION = YES;
				GCC_WARN_ABOUT_RETURN_TYPE = YES_ERROR;
				GCC_WARN_UNDECLARED_SELECTOR = YES;
				GCC_WARN_UNINITIALIZED_AUTOS = YES_AGGRESSIVE;
				GCC_WARN_UNUSED_FUNCTION = YES;
				GCC_WARN_UNUSED_VARIABLE = YES;
				IPHONEOS_DEPLOYMENT_TARGET = 15.2;
				MTL_ENABLE_DEBUG_INFO = NO;
				MTL_FAST_MATH = YES;
				SDKROOT = iphoneos;
				SWIFT_COMPILATION_MODE = wholemodule;
				SWIFT_OPTIMIZATION_LEVEL = "-O";
				VALIDATE_PRODUCT = YES;
			};
			name = Release;
		};
		E42CD42B27B463C500342AB4 /* Debug */ = {
			isa = XCBuildConfiguration;
			buildSettings = {
				ASSETCATALOG_COMPILER_APPICON_NAME = AppIcon;
				ASSETCATALOG_COMPILER_GLOBAL_ACCENT_COLOR_NAME = AccentColor;
				CODE_SIGN_STYLE = Automatic;
				CURRENT_PROJECT_VERSION = 1;
				DEVELOPMENT_TEAM = RFQ254HSW9;
				GENERATE_INFOPLIST_FILE = YES;
				INFOPLIST_FILE = Picturys/Info.plist;
				INFOPLIST_KEY_NSCameraUsageDescription = "Please Allow \"Picturys\" to take Pictures";
				INFOPLIST_KEY_NSPhotoLibraryUsageDescription = "Please Allow \"Picturys\" Access to your Gallery for Images";
				INFOPLIST_KEY_UIApplicationSupportsIndirectInputEvents = YES;
				INFOPLIST_KEY_UILaunchStoryboardName = LaunchScreen;
				INFOPLIST_KEY_UIMainStoryboardFile = Main;
				INFOPLIST_KEY_UISupportedInterfaceOrientations_iPad = "UIInterfaceOrientationPortrait UIInterfaceOrientationPortraitUpsideDown UIInterfaceOrientationLandscapeLeft UIInterfaceOrientationLandscapeRight";
				INFOPLIST_KEY_UISupportedInterfaceOrientations_iPhone = "UIInterfaceOrientationPortrait UIInterfaceOrientationLandscapeLeft UIInterfaceOrientationLandscapeRight";
				LD_RUNPATH_SEARCH_PATHS = (
					"$(inherited)",
					"@executable_path/Frameworks",
				);
				MARKETING_VERSION = 1.0;
				PRODUCT_BUNDLE_IDENTIFIER = KennyTCUBOULDER.Picturys;
				PRODUCT_NAME = "$(TARGET_NAME)";
				SWIFT_EMIT_LOC_STRINGS = YES;
				SWIFT_VERSION = 5.0;
				TARGETED_DEVICE_FAMILY = "1,2";
			};
			name = Debug;
		};
		E42CD42C27B463C500342AB4 /* Release */ = {
			isa = XCBuildConfiguration;
			buildSettings = {
				ASSETCATALOG_COMPILER_APPICON_NAME = AppIcon;
				ASSETCATALOG_COMPILER_GLOBAL_ACCENT_COLOR_NAME = AccentColor;
				CODE_SIGN_STYLE = Automatic;
				CURRENT_PROJECT_VERSION = 1;
				DEVELOPMENT_TEAM = RFQ254HSW9;
				GENERATE_INFOPLIST_FILE = YES;
				INFOPLIST_FILE = Picturys/Info.plist;
				INFOPLIST_KEY_NSCameraUsageDescription = "Please Allow \"Picturys\" to take Pictures";
				INFOPLIST_KEY_NSPhotoLibraryUsageDescription = "Please Allow \"Picturys\" Access to your Gallery for Images";
				INFOPLIST_KEY_UIApplicationSupportsIndirectInputEvents = YES;
				INFOPLIST_KEY_UILaunchStoryboardName = LaunchScreen;
				INFOPLIST_KEY_UIMainStoryboardFile = Main;
				INFOPLIST_KEY_UISupportedInterfaceOrientations_iPad = "UIInterfaceOrientationPortrait UIInterfaceOrientationPortraitUpsideDown UIInterfaceOrientationLandscapeLeft UIInterfaceOrientationLandscapeRight";
				INFOPLIST_KEY_UISupportedInterfaceOrientations_iPhone = "UIInterfaceOrientationPortrait UIInterfaceOrientationLandscapeLeft UIInterfaceOrientationLandscapeRight";
				LD_RUNPATH_SEARCH_PATHS = (
					"$(inherited)",
					"@executable_path/Frameworks",
				);
				MARKETING_VERSION = 1.0;
				PRODUCT_BUNDLE_IDENTIFIER = KennyTCUBOULDER.Picturys;
				PRODUCT_NAME = "$(TARGET_NAME)";
				SWIFT_EMIT_LOC_STRINGS = YES;
				SWIFT_VERSION = 5.0;
				TARGETED_DEVICE_FAMILY = "1,2";
			};
			name = Release;
		};
/* End XCBuildConfiguration section */

/* Begin XCConfigurationList section */
		E42CD41127B463C400342AB4 /* Build configuration list for PBXProject "Picturys" */ = {
			isa = XCConfigurationList;
			buildConfigurations = (
				E42CD42827B463C500342AB4 /* Debug */,
				E42CD42927B463C500342AB4 /* Release */,
			);
			defaultConfigurationIsVisible = 0;
			defaultConfigurationName = Release;
		};
		E42CD42A27B463C500342AB4 /* Build configuration list for PBXNativeTarget "Picturys" */ = {
			isa = XCConfigurationList;
			buildConfigurations = (
				E42CD42B27B463C500342AB4 /* Debug */,
				E42CD42C27B463C500342AB4 /* Release */,
			);
			defaultConfigurationIsVisible = 0;
			defaultConfigurationName = Release;
		};
/* End XCConfigurationList section */

/* Begin XCRemoteSwiftPackageReference section */
		E4482B1C27E18A51009C307C /* XCRemoteSwiftPackageReference "realm-swift" */ = {
			isa = XCRemoteSwiftPackageReference;
			repositoryURL = "https://github.com/realm/realm-swift.git";
			requirement = {
				branch = master;
				kind = branch;
			};
		};
/* End XCRemoteSwiftPackageReference section */

/* Begin XCSwiftPackageProductDependency section */
		E4482B1D27E18A51009C307C /* Realm */ = {
			isa = XCSwiftPackageProductDependency;
			package = E4482B1C27E18A51009C307C /* XCRemoteSwiftPackageReference "realm-swift" */;
			productName = Realm;
		};
		E4482B1F27E18A51009C307C /* RealmSwift */ = {
			isa = XCSwiftPackageProductDependency;
			package = E4482B1C27E18A51009C307C /* XCRemoteSwiftPackageReference "realm-swift" */;
			productName = RealmSwift;
		};
/* End XCSwiftPackageProductDependency section */
	};
	rootObject = E42CD40E27B463C400342AB4 /* Project object */;
}
